
Microsoft Visual Studio Solution File, Format Version 12.00
# Visual Studio Version 17
VisualStudioVersion = 17.3.32825.248
MinimumVisualStudioVersion = 10.0.40219.1
Project("{FAE04EC0-301F-11D3-BF4B-00C04F79EFBC}") = "Lab8CSharp", "Lab8CSharp\Lab8CSharp.csproj", "{5049AC6A-2B5A-4941-B140-97B605153B6E}"
EndProject
Project("{FAE04EC0-301F-11D3-BF4B-00C04F79EFBC}") = "WinFormsLab8", "WinFormsLab8\WinFormsLab8.csproj", "{90E5BD44-9E4F-4CB4-B639-3709D17BCF48}"
EndProject
Global
	GlobalSection(SolutionConfigurationPlatforms) = preSolution
		Debug|Any CPU = Debug|Any CPU
		Release|Any CPU = Release|Any CPU
	EndGlobalSection
	GlobalSection(ProjectConfigurationPlatforms) = postSolution
		{5049AC6A-2B5A-4941-B140-97B605153B6E}.Debug|Any CPU.ActiveCfg = Debug|Any CPU
		{5049AC6A-2B5A-4941-B140-97B605153B6E}.Debug|Any CPU.Build.0 = Debug|Any CPU
		{5049AC6A-2B5A-4941-B140-97B605153B6E}.Release|Any CPU.ActiveCfg = Release|Any CPU
		{5049AC6A-2B5A-4941-B140-97B605153B6E}.Release|Any CPU.Build.0 = Release|Any CPU
		{90E5BD44-9E4F-4CB4-B639-3709D17BCF48}.Debug|Any CPU.ActiveCfg = Debug|Any CPU
		{90E5BD44-9E4F-4CB4-B639-3709D17BCF48}.Debug|Any CPU.Build.0 = Debug|Any CPU
		{90E5BD44-9E4F-4CB4-B639-3709D17BCF48}.Release|Any CPU.ActiveCfg = Release|Any CPU
		{90E5BD44-9E4F-4CB4-B639-3709D17BCF48}.Release|Any CPU.Build.0 = Release|Any CPU
	EndGlobalSection
	GlobalSection(SolutionProperties) = preSolution
		HideSolutionNode = FALSE
	EndGlobalSection
	GlobalSection(ExtensibilityGlobals) = postSolution
		SolutionGuid = {F9F03128-EF7E-45E2-815D-C2CEEC0BC5A0}
	EndGlobalSection
EndGlobal
